// !$*UTF8*$!
{
	archiveVersion = 1;
	classes = {
	};
	objectVersion = 46;
	objects = {

/* Begin PBXBuildFile section */
		262B46B119709E5100C6D4A4 /* SkillCell.m in Sources */ = {isa = PBXBuildFile; fileRef = 262B46B019709E5100C6D4A4 /* SkillCell.m */; };
		262B46B41970A72E00C6D4A4 /* SelectionsTableViewCell.m in Sources */ = {isa = PBXBuildFile; fileRef = 262B46B31970A72E00C6D4A4 /* SelectionsTableViewCell.m */; };
		263FDD95197075D900F95D76 /* Foundation.framework in Frameworks */ = {isa = PBXBuildFile; fileRef = 263FDD94197075D900F95D76 /* Foundation.framework */; };
		263FDD97197075D900F95D76 /* CoreGraphics.framework in Frameworks */ = {isa = PBXBuildFile; fileRef = 263FDD96197075D900F95D76 /* CoreGraphics.framework */; };
		263FDD99197075D900F95D76 /* UIKit.framework in Frameworks */ = {isa = PBXBuildFile; fileRef = 263FDD98197075D900F95D76 /* UIKit.framework */; };
		263FDD9F197075D900F95D76 /* InfoPlist.strings in Resources */ = {isa = PBXBuildFile; fileRef = 263FDD9D197075D900F95D76 /* InfoPlist.strings */; };
		263FDDA1197075D900F95D76 /* main.m in Sources */ = {isa = PBXBuildFile; fileRef = 263FDDA0197075D900F95D76 /* main.m */; };
		263FDDA5197075D900F95D76 /* AppDelegate.m in Sources */ = {isa = PBXBuildFile; fileRef = 263FDDA4197075D900F95D76 /* AppDelegate.m */; };
		263FDDA8197075D900F95D76 /* Main.storyboard in Resources */ = {isa = PBXBuildFile; fileRef = 263FDDA6197075D900F95D76 /* Main.storyboard */; };
		263FDDAB197075D900F95D76 /* ViewController.m in Sources */ = {isa = PBXBuildFile; fileRef = 263FDDAA197075D900F95D76 /* ViewController.m */; };
		263FDDAD197075D900F95D76 /* Images.xcassets in Resources */ = {isa = PBXBuildFile; fileRef = 263FDDAC197075D900F95D76 /* Images.xcassets */; };
		263FDDB4197075D900F95D76 /* XCTest.framework in Frameworks */ = {isa = PBXBuildFile; fileRef = 263FDDB3197075D900F95D76 /* XCTest.framework */; };
		263FDDB5197075D900F95D76 /* Foundation.framework in Frameworks */ = {isa = PBXBuildFile; fileRef = 263FDD94197075D900F95D76 /* Foundation.framework */; };
		263FDDB6197075D900F95D76 /* UIKit.framework in Frameworks */ = {isa = PBXBuildFile; fileRef = 263FDD98197075D900F95D76 /* UIKit.framework */; };
		263FDDBE197075D900F95D76 /* InfoPlist.strings in Resources */ = {isa = PBXBuildFile; fileRef = 263FDDBC197075D900F95D76 /* InfoPlist.strings */; };
		263FDDC0197075D900F95D76 /* ResumeTests.m in Sources */ = {isa = PBXBuildFile; fileRef = 263FDDBF197075D900F95D76 /* ResumeTests.m */; };
		2684F0081970915B004172AF /* Dense-Regular.otf in Resources */ = {isa = PBXBuildFile; fileRef = 2684F0071970915B004172AF /* Dense-Regular.otf */; };
/* End PBXBuildFile section */

/* Begin PBXContainerItemProxy section */
		263FDDB7197075D900F95D76 /* PBXContainerItemProxy */ = {
			isa = PBXContainerItemProxy;
			containerPortal = 263FDD89197075D900F95D76 /* Project object */;
			proxyType = 1;
			remoteGlobalIDString = 263FDD90197075D900F95D76;
			remoteInfo = Resume;
		};
/* End PBXContainerItemProxy section */

/* Begin PBXFileReference section */
		262B46AF19709E5100C6D4A4 /* SkillCell.h */ = {isa = PBXFileReference; fileEncoding = 4; lastKnownFileType = sourcecode.c.h; path = SkillCell.h; sourceTree = "<group>"; };
		262B46B019709E5100C6D4A4 /* SkillCell.m */ = {isa = PBXFileReference; fileEncoding = 4; lastKnownFileType = sourcecode.c.objc; path = SkillCell.m; sourceTree = "<group>"; };
		262B46B21970A72E00C6D4A4 /* SelectionsTableViewCell.h */ = {isa = PBXFileReference; fileEncoding = 4; lastKnownFileType = sourcecode.c.h; path = SelectionsTableViewCell.h; sourceTree = "<group>"; };
		262B46B31970A72E00C6D4A4 /* SelectionsTableViewCell.m */ = {isa = PBXFileReference; fileEncoding = 4; lastKnownFileType = sourcecode.c.objc; path = SelectionsTableViewCell.m; sourceTree = "<group>"; };
		263FDD91197075D900F95D76 /* Resume.app */ = {isa = PBXFileReference; explicitFileType = wrapper.application; includeInIndex = 0; path = Resume.app; sourceTree = BUILT_PRODUCTS_DIR; };
		263FDD94197075D900F95D76 /* Foundation.framework */ = {isa = PBXFileReference; lastKnownFileType = wrapper.framework; name = Foundation.framework; path = System/Library/Frameworks/Foundation.framework; sourceTree = SDKROOT; };
		263FDD96197075D900F95D76 /* CoreGraphics.framework */ = {isa = PBXFileReference; lastKnownFileType = wrapper.framework; name = CoreGraphics.framework; path = System/Library/Frameworks/CoreGraphics.framework; sourceTree = SDKROOT; };
		263FDD98197075D900F95D76 /* UIKit.framework */ = {isa = PBXFileReference; lastKnownFileType = wrapper.framework; name = UIKit.framework; path = System/Library/Frameworks/UIKit.framework; sourceTree = SDKROOT; };
		263FDD9C197075D900F95D76 /* Resume-Info.plist */ = {isa = PBXFileReference; lastKnownFileType = text.plist.xml; path = "Resume-Info.plist"; sourceTree = "<group>"; };
		263FDD9E197075D900F95D76 /* en */ = {isa = PBXFileReference; lastKnownFileType = text.plist.strings; name = en; path = en.lproj/InfoPlist.strings; sourceTree = "<group>"; };
		263FDDA0197075D900F95D76 /* main.m */ = {isa = PBXFileReference; lastKnownFileType = sourcecode.c.objc; path = main.m; sourceTree = "<group>"; };
		263FDDA2197075D900F95D76 /* Resume-Prefix.pch */ = {isa = PBXFileReference; lastKnownFileType = sourcecode.c.h; path = "Resume-Prefix.pch"; sourceTree = "<group>"; };
		263FDDA3197075D900F95D76 /* AppDelegate.h */ = {isa = PBXFileReference; lastKnownFileType = sourcecode.c.h; path = AppDelegate.h; sourceTree = "<group>"; };
		263FDDA4197075D900F95D76 /* AppDelegate.m */ = {isa = PBXFileReference; lastKnownFileType = sourcecode.c.objc; path = AppDelegate.m; sourceTree = "<group>"; };
		263FDDA7197075D900F95D76 /* Base */ = {isa = PBXFileReference; lastKnownFileType = file.storyboard; name = Base; path = Base.lproj/Main.storyboard; sourceTree = "<group>"; };
		263FDDA9197075D900F95D76 /* ViewController.h */ = {isa = PBXFileReference; lastKnownFileType = sourcecode.c.h; path = ViewController.h; sourceTree = "<group>"; };
		263FDDAA197075D900F95D76 /* ViewController.m */ = {isa = PBXFileReference; lastKnownFileType = sourcecode.c.objc; path = ViewController.m; sourceTree = "<group>"; };
		263FDDAC197075D900F95D76 /* Images.xcassets */ = {isa = PBXFileReference; lastKnownFileType = folder.assetcatalog; path = Images.xcassets; sourceTree = "<group>"; };
		263FDDB2197075D900F95D76 /* ResumeTests.xctest */ = {isa = PBXFileReference; explicitFileType = wrapper.cfbundle; includeInIndex = 0; path = ResumeTests.xctest; sourceTree = BUILT_PRODUCTS_DIR; };
		263FDDB3197075D900F95D76 /* XCTest.framework */ = {isa = PBXFileReference; lastKnownFileType = wrapper.framework; name = XCTest.framework; path = Library/Frameworks/XCTest.framework; sourceTree = DEVELOPER_DIR; };
		263FDDBB197075D900F95D76 /* ResumeTests-Info.plist */ = {isa = PBXFileReference; lastKnownFileType = text.plist.xml; path = "ResumeTests-Info.plist"; sourceTree = "<group>"; };
		263FDDBD197075D900F95D76 /* en */ = {isa = PBXFileReference; lastKnownFileType = text.plist.strings; name = en; path = en.lproj/InfoPlist.strings; sourceTree = "<group>"; };
		263FDDBF197075D900F95D76 /* ResumeTests.m */ = {isa = PBXFileReference; lastKnownFileType = sourcecode.c.objc; path = ResumeTests.m; sourceTree = "<group>"; };
		2684F0071970915B004172AF /* Dense-Regular.otf */ = {isa = PBXFileReference; lastKnownFileType = file; path = "Dense-Regular.otf"; sourceTree = "<group>"; };
/* End PBXFileReference section */

/* Begin PBXFrameworksBuildPhase section */
		263FDD8E197075D900F95D76 /* Frameworks */ = {
			isa = PBXFrameworksBuildPhase;
			buildActionMask = 2147483647;
			files = (
				263FDD97197075D900F95D76 /* CoreGraphics.framework in Frameworks */,
				263FDD99197075D900F95D76 /* UIKit.framework in Frameworks */,
				263FDD95197075D900F95D76 /* Foundation.framework in Frameworks */,
			);
			runOnlyForDeploymentPostprocessing = 0;
		};
		263FDDAF197075D900F95D76 /* Frameworks */ = {
			isa = PBXFrameworksBuildPhase;
			buildActionMask = 2147483647;
			files = (
				263FDDB4197075D900F95D76 /* XCTest.framework in Frameworks */,
				263FDDB6197075D900F95D76 /* UIKit.framework in Frameworks */,
				263FDDB5197075D900F95D76 /* Foundation.framework in Frameworks */,
			);
			runOnlyForDeploymentPostprocessing = 0;
		};
/* End PBXFrameworksBuildPhase section */

/* Begin PBXGroup section */
		263FDD88197075D900F95D76 = {
			isa = PBXGroup;
			children = (
				263FDD9A197075D900F95D76 /* Resume */,
				263FDDB9197075D900F95D76 /* ResumeTests */,
				263FDD93197075D900F95D76 /* Frameworks */,
				263FDD92197075D900F95D76 /* Products */,
			);
			sourceTree = "<group>";
		};
		263FDD92197075D900F95D76 /* Products */ = {
			isa = PBXGroup;
			children = (
				263FDD91197075D900F95D76 /* Resume.app */,
				263FDDB2197075D900F95D76 /* ResumeTests.xctest */,
			);
			name = Products;
			sourceTree = "<group>";
		};
		263FDD93197075D900F95D76 /* Frameworks */ = {
			isa = PBXGroup;
			children = (
				263FDD94197075D900F95D76 /* Foundation.framework */,
				263FDD96197075D900F95D76 /* CoreGraphics.framework */,
				263FDD98197075D900F95D76 /* UIKit.framework */,
				263FDDB3197075D900F95D76 /* XCTest.framework */,
			);
			name = Frameworks;
			sourceTree = "<group>";
		};
		263FDD9A197075D900F95D76 /* Resume */ = {
			isa = PBXGroup;
			children = (
				263FDDA3197075D900F95D76 /* AppDelegate.h */,
				263FDDA4197075D900F95D76 /* AppDelegate.m */,
				263FDDA6197075D900F95D76 /* Main.storyboard */,
				263FDDA9197075D900F95D76 /* ViewController.h */,
				263FDDAA197075D900F95D76 /* ViewController.m */,
				262B46AF19709E5100C6D4A4 /* SkillCell.h */,
				262B46B019709E5100C6D4A4 /* SkillCell.m */,
				262B46B21970A72E00C6D4A4 /* SelectionsTableViewCell.h */,
				262B46B31970A72E00C6D4A4 /* SelectionsTableViewCell.m */,
				263FDDAC197075D900F95D76 /* Images.xcassets */,
				263FDD9B197075D900F95D76 /* Supporting Files */,
			);
			path = Resume;
			sourceTree = "<group>";
		};
		263FDD9B197075D900F95D76 /* Supporting Files */ = {
			isa = PBXGroup;
			children = (
				263FDD9C197075D900F95D76 /* Resume-Info.plist */,
				263FDD9D197075D900F95D76 /* InfoPlist.strings */,
				263FDDA0197075D900F95D76 /* main.m */,
				263FDDA2197075D900F95D76 /* Resume-Prefix.pch */,
				2684F0071970915B004172AF /* Dense-Regular.otf */,
			);
			name = "Supporting Files";
			sourceTree = "<group>";
		};
		263FDDB9197075D900F95D76 /* ResumeTests */ = {
			isa = PBXGroup;
			children = (
				263FDDBF197075D900F95D76 /* ResumeTests.m */,
				263FDDBA197075D900F95D76 /* Supporting Files */,
			);
			path = ResumeTests;
			sourceTree = "<group>";
		};
		263FDDBA197075D900F95D76 /* Supporting Files */ = {
			isa = PBXGroup;
			children = (
				263FDDBB197075D900F95D76 /* ResumeTests-Info.plist */,
				263FDDBC197075D900F95D76 /* InfoPlist.strings */,
			);
			name = "Supporting Files";
			sourceTree = "<group>";
		};
/* End PBXGroup section */

/* Begin PBXNativeTarget section */
		263FDD90197075D900F95D76 /* Resume */ = {
			isa = PBXNativeTarget;
			buildConfigurationList = 263FDDC3197075D900F95D76 /* Build configuration list for PBXNativeTarget "Resume" */;
			buildPhases = (
				263FDD8D197075D900F95D76 /* Sources */,
				263FDD8E197075D900F95D76 /* Frameworks */,
				263FDD8F197075D900F95D76 /* Resources */,
				267927FF19708791002AC0F3 /* ShellScript */,
			);
			buildRules = (
			);
			dependencies = (
			);
			name = Resume;
			productName = Resume;
			productReference = 263FDD91197075D900F95D76 /* Resume.app */;
			productType = "com.apple.product-type.application";
		};
		263FDDB1197075D900F95D76 /* ResumeTests */ = {
			isa = PBXNativeTarget;
			buildConfigurationList = 263FDDC6197075D900F95D76 /* Build configuration list for PBXNativeTarget "ResumeTests" */;
			buildPhases = (
				263FDDAE197075D900F95D76 /* Sources */,
				263FDDAF197075D900F95D76 /* Frameworks */,
				263FDDB0197075D900F95D76 /* Resources */,
			);
			buildRules = (
			);
			dependencies = (
				263FDDB8197075D900F95D76 /* PBXTargetDependency */,
			);
			name = ResumeTests;
			productName = ResumeTests;
			productReference = 263FDDB2197075D900F95D76 /* ResumeTests.xctest */;
			productType = "com.apple.product-type.bundle.unit-test";
		};
/* End PBXNativeTarget section */

/* Begin PBXProject section */
		263FDD89197075D900F95D76 /* Project object */ = {
			isa = PBXProject;
			attributes = {
				LastUpgradeCheck = 0510;
				ORGANIZATIONNAME = com.rudolfmedia;
				TargetAttributes = {
					263FDDB1197075D900F95D76 = {
						TestTargetID = 263FDD90197075D900F95D76;
					};
				};
			};
			buildConfigurationList = 263FDD8C197075D900F95D76 /* Build configuration list for PBXProject "Resume" */;
			compatibilityVersion = "Xcode 3.2";
			developmentRegion = English;
			hasScannedForEncodings = 0;
			knownRegions = (
				en,
				Base,
			);
			mainGroup = 263FDD88197075D900F95D76;
			productRefGroup = 263FDD92197075D900F95D76 /* Products */;
			projectDirPath = "";
			projectRoot = "";
			targets = (
				263FDD90197075D900F95D76 /* Resume */,
				263FDDB1197075D900F95D76 /* ResumeTests */,
			);
		};
/* End PBXProject section */

/* Begin PBXResourcesBuildPhase section */
		263FDD8F197075D900F95D76 /* Resources */ = {
			isa = PBXResourcesBuildPhase;
			buildActionMask = 2147483647;
			files = (
				263FDDAD197075D900F95D76 /* Images.xcassets in Resources */,
				263FDD9F197075D900F95D76 /* InfoPlist.strings in Resources */,
				2684F0081970915B004172AF /* Dense-Regular.otf in Resources */,
				263FDDA8197075D900F95D76 /* Main.storyboard in Resources */,
			);
			runOnlyForDeploymentPostprocessing = 0;
		};
		263FDDB0197075D900F95D76 /* Resources */ = {
			isa = PBXResourcesBuildPhase;
			buildActionMask = 2147483647;
			files = (
				263FDDBE197075D900F95D76 /* InfoPlist.strings in Resources */,
			);
			runOnlyForDeploymentPostprocessing = 0;
		};
/* End PBXResourcesBuildPhase section */

/* Begin PBXShellScriptBuildPhase section */
		267927FF19708791002AC0F3 /* ShellScript */ = {
			isa = PBXShellScriptBuildPhase;
			buildActionMask = 2147483647;
			files = (
			);
			inputPaths = (
			);
			outputPaths = (
			);
			runOnlyForDeploymentPostprocessing = 0;
			shellPath = "/bin/bash -e";
			shellScript = "mdfind -onlyin \"${SRCROOT}\" \"kMDItemContentTypeTree == public.font\" -0 | sort -z | xargs -0 /usr/local/bin/moarfonts install\n";
		};
/* End PBXShellScriptBuildPhase section */

/* Begin PBXSourcesBuildPhase section */
		263FDD8D197075D900F95D76 /* Sources */ = {
			isa = PBXSourcesBuildPhase;
			buildActionMask = 2147483647;
			files = (
				262B46B41970A72E00C6D4A4 /* SelectionsTableViewCell.m in Sources */,
				263FDDAB197075D900F95D76 /* ViewController.m in Sources */,
				262B46B119709E5100C6D4A4 /* SkillCell.m in Sources */,
				263FDDA5197075D900F95D76 /* AppDelegate.m in Sources */,
				263FDDA1197075D900F95D76 /* main.m in Sources */,
			);
			runOnlyForDeploymentPostprocessing = 0;
		};
		263FDDAE197075D900F95D76 /* Sources */ = {
			isa = PBXSourcesBuildPhase;
			buildActionMask = 2147483647;
			files = (
				263FDDC0197075D900F95D76 /* ResumeTests.m in Sources */,
			);
			runOnlyForDeploymentPostprocessing = 0;
		};
/* End PBXSourcesBuildPhase section */

/* Begin PBXTargetDependency section */
		263FDDB8197075D900F95D76 /* PBXTargetDependency */ = {
			isa = PBXTargetDependency;
			target = 263FDD90197075D900F95D76 /* Resume */;
			targetProxy = 263FDDB7197075D900F95D76 /* PBXContainerItemProxy */;
		};
/* End PBXTargetDependency section */

/* Begin PBXVariantGroup section */
		263FDD9D197075D900F95D76 /* InfoPlist.strings */ = {
			isa = PBXVariantGroup;
			children = (
				263FDD9E197075D900F95D76 /* en */,
			);
			name = InfoPlist.strings;
			sourceTree = "<group>";
		};
		263FDDA6197075D900F95D76 /* Main.storyboard */ = {
			isa = PBXVariantGroup;
			children = (
				263FDDA7197075D900F95D76 /* Base */,
			);
			name = Main.storyboard;
			sourceTree = "<group>";
		};
		263FDDBC197075D900F95D76 /* InfoPlist.strings */ = {
			isa = PBXVariantGroup;
			children = (
				263FDDBD197075D900F95D76 /* en */,
			);
			name = InfoPlist.strings;
			sourceTree = "<group>";
		};
/* End PBXVariantGroup section */

/* Begin XCBuildConfiguration section */
		263FDDC1197075D900F95D76 /* Debug */ = {
			isa = XCBuildConfiguration;
			buildSettings = {
				ALWAYS_SEARCH_USER_PATHS = NO;
				CLANG_CXX_LANGUAGE_STANDARD = "gnu++0x";
				CLANG_CXX_LIBRARY = "libc++";
				CLANG_ENABLE_MODULES = YES;
				CLANG_ENABLE_OBJC_ARC = YES;
				CLANG_WARN_BOOL_CONVERSION = YES;
				CLANG_WARN_CONSTANT_CONVERSION = YES;
				CLANG_WARN_DIRECT_OBJC_ISA_USAGE = YES_ERROR;
				CLANG_WARN_EMPTY_BODY = YES;
				CLANG_WARN_ENUM_CONVERSION = YES;
				CLANG_WARN_INT_CONVERSION = YES;
				CLANG_WARN_OBJC_ROOT_CLASS = YES_ERROR;
				CLANG_WARN__DUPLICATE_METHOD_MATCH = YES;
				"CODE_SIGN_IDENTITY[sdk=iphoneos*]" = "iPhone Developer";
				COPY_PHASE_STRIP = NO;
				GCC_C_LANGUAGE_STANDARD = gnu99;
				GCC_DYNAMIC_NO_PIC = NO;
				GCC_OPTIMIZATION_LEVEL = 0;
				GCC_PREPROCESSOR_DEFINITIONS = (
					"DEBUG=1",
					"$(inherited)",
				);
				GCC_SYMBOLS_PRIVATE_EXTERN = NO;
				GCC_WARN_64_TO_32_BIT_CONVERSION = YES;
				GCC_WARN_ABOUT_RETURN_TYPE = YES_ERROR;
				GCC_WARN_UNDECLARED_SELECTOR = YES;
				GCC_WARN_UNINITIALIZED_AUTOS = YES_AGGRESSIVE;
				GCC_WARN_UNUSED_FUNCTION = YES;
				GCC_WARN_UNUSED_VARIABLE = YES;
				IPHONEOS_DEPLOYMENT_TARGET = 7.1;
				ONLY_ACTIVE_ARCH = YES;
				SDKROOT = iphoneos;
				TARGETED_DEVICE_FAMILY = 2;
			};
			name = Debug;
		};
		263FDDC2197075D900F95D76 /* Release */ = {
			isa = XCBuildConfiguration;
			buildSettings = {
				ALWAYS_SEARCH_USER_PATHS = NO;
				CLANG_CXX_LANGUAGE_STANDARD = "gnu++0x";
				CLANG_CXX_LIBRARY = "libc++";
				CLANG_ENABLE_MODULES = YES;
				CLANG_ENABLE_OBJC_ARC = YES;
				CLANG_WARN_BOOL_CONVERSION = YES;
				CLANG_WARN_CONSTANT_CONVERSION = YES;
				CLANG_WARN_DIRECT_OBJC_ISA_USAGE = YES_ERROR;
				CLANG_WARN_EMPTY_BODY = YES;
				CLANG_WARN_ENUM_CONVERSION = YES;
				CLANG_WARN_INT_CONVERSION = YES;
				CLANG_WARN_OBJC_ROOT_CLASS = YES_ERROR;
				CLANG_WARN__DUPLICATE_METHOD_MATCH = YES;
				"CODE_SIGN_IDENTITY[sdk=iphoneos*]" = "iPhone Developer";
				COPY_PHASE_STRIP = YES;
				ENABLE_NS_ASSERTIONS = NO;
				GCC_C_LANGUAGE_STANDARD = gnu99;
				GCC_WARN_64_TO_32_BIT_CONVERSION = YES;
				GCC_WARN_ABOUT_RETURN_TYPE = YES_ERROR;
				GCC_WARN_UNDECLARED_SELECTOR = YES;
				GCC_WARN_UNINITIALIZED_AUTOS = YES_AGGRESSIVE;
				GCC_WARN_UNUSED_FUNCTION = YES;
				GCC_WARN_UNUSED_VARIABLE = YES;
				IPHONEOS_DEPLOYMENT_TARGET = 7.1;
				SDKROOT = iphoneos;
				TARGETED_DEVICE_FAMILY = 2;
				VALIDATE_PRODUCT = YES;
			};
			name = Release;
		};
		263FDDC4197075D900F95D76 /* Debug */ = {
			isa = XCBuildConfiguration;
			buildSettings = {
				ASSETCATALOG_COMPILER_APPICON_NAME = AppIcon;
				ASSETCATALOG_COMPILER_LAUNCHIMAGE_NAME = LaunchImage;
				GCC_PRECOMPILE_PREFIX_HEADER = YES;
				GCC_PREFIX_HEADER = "Resume/Resume-Prefix.pch";
				INFOPLIST_FILE = "Resume/Resume-Info.plist";
				IPHONEOS_DEPLOYMENT_TARGET = 7.0;
				PRODUCT_NAME = "$(TARGET_NAME)";
				WRAPPER_EXTENSION = app;
			};
			name = Debug;
		};
		263FDDC5197075D900F95D76 /* Release */ = {
			isa = XCBuildConfiguration;
			buildSettings = {
				ASSETCATALOG_COMPILER_APPICON_NAME = AppIcon;
				ASSETCATALOG_COMPILER_LAUNCHIMAGE_NAME = LaunchImage;
				GCC_PRECOMPILE_PREFIX_HEADER = YES;
				GCC_PREFIX_HEADER = "Resume/Resume-Prefix.pch";
				INFOPLIST_FILE = "Resume/Resume-Info.plist";
				IPHONEOS_DEPLOYMENT_TARGET = 7.0;
				PRODUCT_NAME = "$(TARGET_NAME)";
				WRAPPER_EXTENSION = app;
			};
			name = Release;
		};
		263FDDC7197075D900F95D76 /* Debug */ = {
			isa = XCBuildConfiguration;
			buildSettings = {
				BUNDLE_LOADER = "$(BUILT_PRODUCTS_DIR)/Resume.app/Resume";
				FRAMEWORK_SEARCH_PATHS = (
					"$(SDKROOT)/Developer/Library/Frameworks",
					"$(inherited)",
					"$(DEVELOPER_FRAMEWORKS_DIR)",
				);
				GCC_PRECOMPILE_PREFIX_HEADER = YES;
				GCC_PREFIX_HEADER = "Resume/Resume-Prefix.pch";
				GCC_PREPROCESSOR_DEFINITIONS = (
					"DEBUG=1",
					"$(inherited)",
				);
				INFOPLIST_FILE = "ResumeTests/ResumeTests-Info.plist";
				PRODUCT_NAME = "$(TARGET_NAME)";
				TEST_HOST = "$(BUNDLE_LOADER)";
				WRAPPER_EXTENSION = xctest;
			};
			name = Debug;
		};
		263FDDC8197075D900F95D76 /* Release */ = {
			isa = XCBuildConfiguration;
			buildSettings = {
				BUNDLE_LOADER = "$(BUILT_PRODUCTS_DIR)/Resume.app/Resume";
				FRAMEWORK_SEARCH_PATHS = (
					"$(SDKROOT)/Developer/Library/Frameworks",
					"$(inherited)",
					"$(DEVELOPER_FRAMEWORKS_DIR)",
				);
				GCC_PRECOMPILE_PREFIX_HEADER = YES;
				GCC_PREFIX_HEADER = "Resume/Resume-Prefix.pch";
				INFOPLIST_FILE = "ResumeTests/ResumeTests-Info.plist";
				PRODUCT_NAME = "$(TARGET_NAME)";
				TEST_HOST = "$(BUNDLE_LOADER)";
				WRAPPER_EXTENSION = xctest;
			};
			name = Release;
		};
/* End XCBuildConfiguration section */

/* Begin XCConfigurationList section */
		263FDD8C197075D900F95D76 /* Build configuration list for PBXProject "Resume" */ = {
			isa = XCConfigurationList;
			buildConfigurations = (
				263FDDC1197075D900F95D76 /* Debug */,
				263FDDC2197075D900F95D76 /* Release */,
			);
			defaultConfigurationIsVisible = 0;
			defaultConfigurationName = Release;
		};
		263FDDC3197075D900F95D76 /* Build configuration list for PBXNativeTarget "Resume" */ = {
			isa = XCConfigurationList;
			buildConfigurations = (
				263FDDC4197075D900F95D76 /* Debug */,
				263FDDC5197075D900F95D76 /* Release */,
			);
			defaultConfigurationIsVisible = 0;
			defaultConfigurationName = Release;
		};
		263FDDC6197075D900F95D76 /* Build configuration list for PBXNativeTarget "ResumeTests" */ = {
			isa = XCConfigurationList;
			buildConfigurations = (
				263FDDC7197075D900F95D76 /* Debug */,
				263FDDC8197075D900F95D76 /* Release */,
			);
			defaultConfigurationIsVisible = 0;
			defaultConfigurationName = Release;
		};
/* End XCConfigurationList section */
	};
	rootObject = 263FDD89197075D900F95D76 /* Project object */;
}
